
Microsoft Visual Studio Solution File, Format Version 12.00
# Visual Studio Version 17
VisualStudioVersion = 17.7.34024.191
MinimumVisualStudioVersion = 10.0.40219.1
Project("{FAE04EC0-301F-11D3-BF4B-00C04F79EFBC}") = "Meteo_scommesse", "Meteo_scommesse\Meteo_scommesse.csproj", "{9E25AD37-16B8-4587-859F-EA4A148D27D5}"
EndProject
Global
	GlobalSection(SolutionConfigurationPlatforms) = preSolution
		Debug|Any CPU = Debug|Any CPU
		Release|Any CPU = Release|Any CPU
	EndGlobalSection
	GlobalSection(ProjectConfigurationPlatforms) = postSolution
		{9E25AD37-16B8-4587-859F-EA4A148D27D5}.Debug|Any CPU.ActiveCfg = Debug|Any CPU
		{9E25AD37-16B8-4587-859F-EA4A148D27D5}.Debug|Any CPU.Build.0 = Debug|Any CPU
		{9E25AD37-16B8-4587-859F-EA4A148D27D5}.Release|Any CPU.ActiveCfg = Release|Any CPU
		{9E25AD37-16B8-4587-859F-EA4A148D27D5}.Release|Any CPU.Build.0 = Release|Any CPU
	EndGlobalSection
	GlobalSection(SolutionProperties) = preSolution
		HideSolutionNode = FALSE
	EndGlobalSection
	GlobalSection(ExtensibilityGlobals) = postSolution
		SolutionGuid = {2C2D52B6-D181-48EB-8E38-29B4CA926269}
	EndGlobalSection
EndGlobal
